
Microsoft Visual Studio Solution File, Format Version 12.00
# Visual Studio Version 17
VisualStudioVersion = 17.8.34525.116
MinimumVisualStudioVersion = 10.0.40219.1
Project("{54A90642-561A-4BB1-A94E-469ADEE60C69}") = "weather_widget.client", "weather_widget.client.esproj", "{64A6D9E3-3F5A-4ED3-BAA6-F419265A15F4}"
EndProject
Global
	GlobalSection(SolutionConfigurationPlatforms) = preSolution
		Debug|Any CPU = Debug|Any CPU
		Release|Any CPU = Release|Any CPU
	EndGlobalSection
	GlobalSection(ProjectConfigurationPlatforms) = postSolution
		{64A6D9E3-3F5A-4ED3-BAA6-F419265A15F4}.Debug|Any CPU.ActiveCfg = Debug|Any CPU
		{64A6D9E3-3F5A-4ED3-BAA6-F419265A15F4}.Debug|Any CPU.Build.0 = Debug|Any CPU
		{64A6D9E3-3F5A-4ED3-BAA6-F419265A15F4}.Debug|Any CPU.Deploy.0 = Debug|Any CPU
		{64A6D9E3-3F5A-4ED3-BAA6-F419265A15F4}.Release|Any CPU.ActiveCfg = Release|Any CPU
		{64A6D9E3-3F5A-4ED3-BAA6-F419265A15F4}.Release|Any CPU.Build.0 = Release|Any CPU
		{64A6D9E3-3F5A-4ED3-BAA6-F419265A15F4}.Release|Any CPU.Deploy.0 = Release|Any CPU
	EndGlobalSection
	GlobalSection(SolutionProperties) = preSolution
		HideSolutionNode = FALSE
	EndGlobalSection
	GlobalSection(ExtensibilityGlobals) = postSolution
		SolutionGuid = {F17416CC-5DC4-48D6-A4C3-398CECDECD7B}
	EndGlobalSection
EndGlobal
